
Microsoft Visual Studio Solution File, Format Version 12.00
# Visual Studio Version 17
VisualStudioVersion = 17.13.35828.75
MinimumVisualStudioVersion = 10.0.40219.1
Project("{FAE04EC0-301F-11D3-BF4B-00C04F79EFBC}") = "WebClient", "Deployments\WebClient\WebClient.csproj", "{D0587ED8-7D90-4C4F-A6C1-52CFD875CF46}"
EndProject
Project("{FAE04EC0-301F-11D3-BF4B-00C04F79EFBC}") = "CloudTests", "CloudTests\CloudTests.csproj", "{F58050E7-20DE-4654-8B09-79AF5739EEE8}"
EndProject
Project("{FAE04EC0-301F-11D3-BF4B-00C04F79EFBC}") = "AdminDashboard", "Deployments\AdminDashboard\AdminDashboard.csproj", "{C639DE08-773B-4AC6-BDEF-1EF1F5DDE037}"
EndProject
Project("{FAE04EC0-301F-11D3-BF4B-00C04F79EFBC}") = "Shared.UI", "Shared.UI\Shared.UI.csproj", "{B49B85FA-4450-485A-8A4D-737A0EEE6FDD}"
EndProject
Project("{FAE04EC0-301F-11D3-BF4B-00C04F79EFBC}") = "Shared.Identity", "Shared.Identity\Shared.Identity.csproj", "{B76EAD8A-F761-42AA-AD94-05CCC0C1FF19}"
EndProject
Project("{FAE04EC0-301F-11D3-BF4B-00C04F79EFBC}") = "Shared.Data", "Shared.Data\Shared.Data.csproj", "{A46F5261-4625-440B-ACFE-39A59BDA1575}"
EndProject
Global
	GlobalSection(SolutionConfigurationPlatforms) = preSolution
		Debug|Any CPU = Debug|Any CPU
		Release|Any CPU = Release|Any CPU
	EndGlobalSection
	GlobalSection(ProjectConfigurationPlatforms) = postSolution
		{D0587ED8-7D90-4C4F-A6C1-52CFD875CF46}.Debug|Any CPU.ActiveCfg = Debug|Any CPU
		{D0587ED8-7D90-4C4F-A6C1-52CFD875CF46}.Debug|Any CPU.Build.0 = Debug|Any CPU
		{D0587ED8-7D90-4C4F-A6C1-52CFD875CF46}.Release|Any CPU.ActiveCfg = Release|Any CPU
		{D0587ED8-7D90-4C4F-A6C1-52CFD875CF46}.Release|Any CPU.Build.0 = Release|Any CPU
		{F58050E7-20DE-4654-8B09-79AF5739EEE8}.Debug|Any CPU.ActiveCfg = Debug|Any CPU
		{F58050E7-20DE-4654-8B09-79AF5739EEE8}.Debug|Any CPU.Build.0 = Debug|Any CPU
		{F58050E7-20DE-4654-8B09-79AF5739EEE8}.Release|Any CPU.ActiveCfg = Release|Any CPU
		{F58050E7-20DE-4654-8B09-79AF5739EEE8}.Release|Any CPU.Build.0 = Release|Any CPU
		{C639DE08-773B-4AC6-BDEF-1EF1F5DDE037}.Debug|Any CPU.ActiveCfg = Debug|Any CPU
		{C639DE08-773B-4AC6-BDEF-1EF1F5DDE037}.Debug|Any CPU.Build.0 = Debug|Any CPU
		{C639DE08-773B-4AC6-BDEF-1EF1F5DDE037}.Release|Any CPU.ActiveCfg = Release|Any CPU
		{C639DE08-773B-4AC6-BDEF-1EF1F5DDE037}.Release|Any CPU.Build.0 = Release|Any CPU
		{B49B85FA-4450-485A-8A4D-737A0EEE6FDD}.Debug|Any CPU.ActiveCfg = Debug|Any CPU
		{B49B85FA-4450-485A-8A4D-737A0EEE6FDD}.Debug|Any CPU.Build.0 = Debug|Any CPU
		{B49B85FA-4450-485A-8A4D-737A0EEE6FDD}.Release|Any CPU.ActiveCfg = Release|Any CPU
		{B49B85FA-4450-485A-8A4D-737A0EEE6FDD}.Release|Any CPU.Build.0 = Release|Any CPU
		{B76EAD8A-F761-42AA-AD94-05CCC0C1FF19}.Debug|Any CPU.ActiveCfg = Debug|Any CPU
		{B76EAD8A-F761-42AA-AD94-05CCC0C1FF19}.Debug|Any CPU.Build.0 = Debug|Any CPU
		{B76EAD8A-F761-42AA-AD94-05CCC0C1FF19}.Release|Any CPU.ActiveCfg = Release|Any CPU
		{B76EAD8A-F761-42AA-AD94-05CCC0C1FF19}.Release|Any CPU.Build.0 = Release|Any CPU
		{A46F5261-4625-440B-ACFE-39A59BDA1575}.Debug|Any CPU.ActiveCfg = Debug|Any CPU
		{A46F5261-4625-440B-ACFE-39A59BDA1575}.Debug|Any CPU.Build.0 = Debug|Any CPU
		{A46F5261-4625-440B-ACFE-39A59BDA1575}.Release|Any CPU.ActiveCfg = Release|Any CPU
		{A46F5261-4625-440B-ACFE-39A59BDA1575}.Release|Any CPU.Build.0 = Release|Any CPU
	EndGlobalSection
	GlobalSection(SolutionProperties) = preSolution
		HideSolutionNode = FALSE
	EndGlobalSection
	GlobalSection(ExtensibilityGlobals) = postSolution
		SolutionGuid = {91FBCB71-A526-4836-AC90-535593188277}
	EndGlobalSection
EndGlobal
